{
    "_meta": {
        "hash": {
            "sha256": "7f6b9e68dc184069e7f267ea805b6b3c043771c82d231ca9544cc3cb9432d7ad"
        },
        "pipfile-spec": 6,
        "requires": {
            "python_version": "3.8"
        },
        "sources": [
            {
                "name": "pypi",
                "url": "https://pypi.org/simple",
                "verify_ssl": true
            }
        ]
    },
    "default": {
        "cachetools": {
            "hashes": [
                "sha256:486471dfa8799eb7ec503a8059e263db000cdda20075ce5e48903087f79d5fd6",
                "sha256:8fecd4203a38af17928be7b90689d8083603073622229ca7077b72d8e5a976e4"
            ],
            "markers": "python_version ~= '3.7'",
            "version": "==5.0.0"
        },
        "certifi": {
            "hashes": [
                "sha256:78884e7c1d4b00ce3cea67b44566851c4343c120abd683433ce934a68ea58872",
                "sha256:d62a0163eb4c2344ac042ab2bdf75399a71a2d8c7d47eac2e2ee91b9d6339569"
            ],
            "version": "==2021.10.8"
        },
        "charset-normalizer": {
            "hashes": [
                "sha256:876d180e9d7432c5d1dfd4c5d26b72f099d503e8fcc0feb7532c9289be60fcbd",
                "sha256:cb957888737fc0bbcd78e3df769addb41fd1ff8cf950dc9e7ad7793f1bf44455"
            ],
            "markers": "python_version >= '3'",
            "version": "==2.0.10"
        },
        "cssselect": {
            "hashes": [
                "sha256:f612ee47b749c877ebae5bb77035d8f4202c6ad0f0fc1271b3c18ad6c4468ecf",
                "sha256:f95f8dedd925fd8f54edb3d2dfb44c190d9d18512377d3c1e2388d16126879bc"
            ],
            "markers": "python_version >= '2.7' and python_version not in '3.0, 3.1, 3.2, 3.3'",
            "version": "==1.1.0"
        },
        "cssutils": {
            "hashes": [
                "sha256:0cf1f6086b020dee18048ff3999339499f725934017ef9ae2cd5bb77f9ab5f46",
                "sha256:b2d3b16047caae82e5c590036935bafa1b621cf45c2f38885af4be4838f0fd00"
            ],
            "markers": "python_version >= '3.6'",
            "version": "==2.3.0"
        },
        "idna": {
            "hashes": [
                "sha256:84d9dd047ffa80596e0f246e2eab0b391788b0503584e8945f2368256d2735ff",
                "sha256:9d643ff0a55b762d5cdb124b8eaa99c66322e2157b69160bc32796e824360e6d"
            ],
            "markers": "python_version >= '3'",
            "version": "==3.3"
        },
        "lxml": {
            "hashes": [
                "sha256:0607ff0988ad7e173e5ddf7bf55ee65534bd18a5461183c33e8e41a59e89edf4",
                "sha256:09b738360af8cb2da275998a8bf79517a71225b0de41ab47339c2beebfff025f",
                "sha256:0a5f0e4747f31cff87d1eb32a6000bde1e603107f632ef4666be0dc065889c7a",
                "sha256:0b5e96e25e70917b28a5391c2ed3ffc6156513d3db0e1476c5253fcd50f7a944",
                "sha256:1104a8d47967a414a436007c52f533e933e5d52574cab407b1e49a4e9b5ddbd1",
                "sha256:13dbb5c7e8f3b6a2cf6e10b0948cacb2f4c9eb05029fe31c60592d08ac63180d",
                "sha256:2a906c3890da6a63224d551c2967413b8790a6357a80bf6b257c9a7978c2c42d",
                "sha256:317bd63870b4d875af3c1be1b19202de34c32623609ec803b81c99193a788c1e",
                "sha256:34c22eb8c819d59cec4444d9eebe2e38b95d3dcdafe08965853f8799fd71161d",
                "sha256:36b16fecb10246e599f178dd74f313cbdc9f41c56e77d52100d1361eed24f51a",
                "sha256:38d9759733aa04fb1697d717bfabbedb21398046bd07734be7cccc3d19ea8675",
                "sha256:3e26ad9bc48d610bf6cc76c506b9e5ad9360ed7a945d9be3b5b2c8535a0145e3",
                "sha256:41358bfd24425c1673f184d7c26c6ae91943fe51dfecc3603b5e08187b4bcc55",
                "sha256:447d5009d6b5447b2f237395d0018901dcc673f7d9f82ba26c1b9f9c3b444b60",
                "sha256:44f552e0da3c8ee3c28e2eb82b0b784200631687fc6a71277ea8ab0828780e7d",
                "sha256:490712b91c65988012e866c411a40cc65b595929ececf75eeb4c79fcc3bc80a6",
                "sha256:4c093c571bc3da9ebcd484e001ba18b8452903cd428c0bc926d9b0141bcb710e",
                "sha256:50d3dba341f1e583265c1a808e897b4159208d814ab07530202b6036a4d86da5",
                "sha256:534e946bce61fd162af02bad7bfd2daec1521b71d27238869c23a672146c34a5",
                "sha256:585ea241ee4961dc18a95e2f5581dbc26285fcf330e007459688096f76be8c42",
                "sha256:59e7da839a1238807226f7143c68a479dee09244d1b3cf8c134f2fce777d12d0",
                "sha256:5b0f782f0e03555c55e37d93d7a57454efe7495dab33ba0ccd2dbe25fc50f05d",
                "sha256:5bee1b0cbfdb87686a7fb0e46f1d8bd34d52d6932c0723a86de1cc532b1aa489",
                "sha256:610807cea990fd545b1559466971649e69302c8a9472cefe1d6d48a1dee97440",
                "sha256:6308062534323f0d3edb4e702a0e26a76ca9e0e23ff99be5d82750772df32a9e",
                "sha256:67fa5f028e8a01e1d7944a9fb616d1d0510d5d38b0c41708310bd1bc45ae89f6",
                "sha256:6a2ab9d089324d77bb81745b01f4aeffe4094306d939e92ba5e71e9a6b99b71e",
                "sha256:6c198bfc169419c09b85ab10cb0f572744e686f40d1e7f4ed09061284fc1303f",
                "sha256:6e56521538f19c4a6690f439fefed551f0b296bd785adc67c1777c348beb943d",
                "sha256:6ec829058785d028f467be70cd195cd0aaf1a763e4d09822584ede8c9eaa4b03",
                "sha256:718d7208b9c2d86aaf0294d9381a6acb0158b5ff0f3515902751404e318e02c9",
                "sha256:735e3b4ce9c0616e85f302f109bdc6e425ba1670a73f962c9f6b98a6d51b77c9",
                "sha256:772057fba283c095db8c8ecde4634717a35c47061d24f889468dc67190327bcd",
                "sha256:7b5e2acefd33c259c4a2e157119c4373c8773cf6793e225006a1649672ab47a6",
                "sha256:82d16a64236970cb93c8d63ad18c5b9f138a704331e4b916b2737ddfad14e0c4",
                "sha256:87c1b0496e8c87ec9db5383e30042357b4839b46c2d556abd49ec770ce2ad868",
                "sha256:8e54945dd2eeb50925500957c7c579df3cd07c29db7810b83cf30495d79af267",
                "sha256:9393a05b126a7e187f3e38758255e0edf948a65b22c377414002d488221fdaa2",
                "sha256:9fbc0dee7ff5f15c4428775e6fa3ed20003140560ffa22b88326669d53b3c0f4",
                "sha256:a1613838aa6b89af4ba10a0f3a972836128801ed008078f8c1244e65958f1b24",
                "sha256:a1bbc4efa99ed1310b5009ce7f3a1784698082ed2c1ef3895332f5df9b3b92c2",
                "sha256:a555e06566c6dc167fbcd0ad507ff05fd9328502aefc963cb0a0547cfe7f00db",
                "sha256:a58d78653ae422df6837dd4ca0036610b8cb4962b5cfdbd337b7b24de9e5f98a",
                "sha256:a5edc58d631170de90e50adc2cc0248083541affef82f8cd93bea458e4d96db8",
                "sha256:a5f623aeaa24f71fce3177d7fee875371345eb9102b355b882243e33e04b7175",
                "sha256:adaab25be351fff0d8a691c4f09153647804d09a87a4e4ea2c3f9fe9e8651851",
                "sha256:ade74f5e3a0fd17df5782896ddca7ddb998845a5f7cd4b0be771e1ffc3b9aa5b",
                "sha256:b1d381f58fcc3e63fcc0ea4f0a38335163883267f77e4c6e22d7a30877218a0e",
                "sha256:bf6005708fc2e2c89a083f258b97709559a95f9a7a03e59f805dd23c93bc3986",
                "sha256:d546431636edb1d6a608b348dd58cc9841b81f4116745857b6cb9f8dadb2725f",
                "sha256:d5618d49de6ba63fe4510bdada62d06a8acfca0b4b5c904956c777d28382b419",
                "sha256:dfd0d464f3d86a1460683cd742306d1138b4e99b79094f4e07e1ca85ee267fe7",
                "sha256:e18281a7d80d76b66a9f9e68a98cf7e1d153182772400d9a9ce855264d7d0ce7",
                "sha256:e410cf3a2272d0a85526d700782a2fa92c1e304fdcc519ba74ac80b8297adf36",
                "sha256:e662c6266e3a275bdcb6bb049edc7cd77d0b0f7e119a53101d367c841afc66dc",
                "sha256:ec9027d0beb785a35aa9951d14e06d48cfbf876d8ff67519403a2522b181943b",
                "sha256:eed394099a7792834f0cb4a8f615319152b9d801444c1c9e1b1a2c36d2239f9e",
                "sha256:f76dbe44e31abf516114f6347a46fa4e7c2e8bceaa4b6f7ee3a0a03c8eba3c17",
                "sha256:fc15874816b9320581133ddc2096b644582ab870cf6a6ed63684433e7af4b0d3",
                "sha256:fc9fb11b65e7bc49f7f75aaba1b700f7181d95d4e151cf2f24d51bfd14410b77"
            ],
            "markers": "python_version >= '2.7' and python_version not in '3.0, 3.1, 3.2, 3.3, 3.4'",
            "version": "==4.7.1"
        },
        "mysql-connector-python": {
            "hashes": [
                "sha256:04d75ec7c181e7907df3d40c2a573063f25ecfc5a95a7a90374861c02ce738a9",
                "sha256:47f059bc2a7378acd56ac7a60b0526a2ba95d96b696a875b5b233a0feae30980",
                "sha256:4d126ce5e03675d926a9e49ce1638d06af43ca7bac2b502d93373dc9425d386f",
                "sha256:50c87ff50762f4a0cc0816365dde0e7de763949e125488b8e872de6471e0e427",
                "sha256:687071dc9e51892d0861bbcbcbd48e0f3579e3155f2a0ec310198704137c775a",
                "sha256:73c5149b33401610e28589d1fc669cba11d3b16215a8f6a75f63ece1f3af5f88",
                "sha256:77ec293e265d01db1896a8e63a16b3d5c848a885cf76c77148adfed8453846e8",
                "sha256:78bb1abb57bbb85263d65a240a901195e3de0e0992f25e42c48af0869079bb74",
                "sha256:7d518491d6d51b186b3182b3698b1560d9bd80675c055163359d0aeea0001de1",
                "sha256:8d8dd02e0e6bb7262156a836c3e83582d1a1a1ebb9d72e777a46813709404601",
                "sha256:91be638d1b084835edf7aa426d85228174611a1cd6f016ca0f6d4339ac3d9d7b",
                "sha256:aaec9d13fc0177e421a3c4392f0eaf86347b825949d5dfc202d535cdb1e07f04",
                "sha256:b3a747c5efd6de7b76686ab93834186e2276a62684600dbede615537040436ca",
                "sha256:b4c5ce835078555b6640921cae036daad46884dd21027f43c742fb505221e4e6",
                "sha256:bb317b179bfbb3e86c771bb2b34794188a2d2b010cdaa1b4d1b5ea0961d0812c",
                "sha256:bd89598b173aa0fc525b59fff6e3598ff3cabad4260a3bb49cf420eac10d3b3b",
                "sha256:bdb4f187f737316d1c403085b2fb7c91717268d052ecbfc86066cef59f6d72a4",
                "sha256:c76d771fdce1314b07619efff184ec03f56abef6b4ccdc686d3a995f5b225fec",
                "sha256:d559f69e8b58ac248e37d30e5676718adf69eeff56ed8a7c03f064d74af68f99",
                "sha256:e008127430c8dc66bb1b6d6c7a17498ec57ffa81188fc1f8c9f764363c01d12e",
                "sha256:f5da43c77d409c8135132f5b5aee9ac91c2e97c3f87352e1b3017438a9cb9b82"
            ],
            "index": "pypi",
            "version": "==8.0.28"
        },
        "passlib": {
            "hashes": [
                "sha256:aa6bca462b8d8bda89c70b382f0c298a20b5560af6cbfa2dce410c0a2fb669f1",
                "sha256:defd50f72b65c5402ab2c573830a6978e5f202ad0d984793c8dde2c4152ebe04"
            ],
            "index": "pypi",
            "version": "==1.7.4"
        },
        "premailer": {
            "hashes": [
                "sha256:021b8196364d7df96d04f9ade51b794d0b77bcc19e998321c515633a2273be1a",
                "sha256:d1875a8411f5dc92b53ef9f193db6c0f879dc378d618e0ad292723e388bfe4c2"
            ],
            "version": "==3.10.0"
        },
        "protobuf": {
            "hashes": [
                "sha256:1291a0a7db7d792745c99d4657b4c5c4942695c8b1ac1bfb993a34035ec123f7",
                "sha256:18c40a1b8721026a85187640f1786d52407dc9c1ba8ec38accb57a46e84015f6",
                "sha256:1cb2ed66aac593adbf6dca4f07cd7ee7e2958b17bbc85b2cc8bc564ebeb258ec",
                "sha256:2acd7ca329be544d1a603d5f13a4e34a3791c90d651ebaf130ba2e43ae5397c6",
                "sha256:2cddcbcc222f3144765ccccdb35d3621dc1544da57a9aca7e1944c1a4fe3db11",
                "sha256:397d82f1c58b76445469c8c06b8dee1ff67b3053639d054f52599a458fac9bc6",
                "sha256:3bf3a07d17ba3511fe5fa916afb7351f482ab5dbab5afe71a7a384274a2cd550",
                "sha256:3f80a3491eaca767cdd86cb8660dc778f634b44abdb0dffc9b2a8e8d0cd617d0",
                "sha256:49677e5e9c7ea1245a90c2e8a00d304598f22ea3aa0628f0e0a530a9e70665fa",
                "sha256:544fe9705189b249380fae07952d220c97f5c6c9372a6f936cc83a79601dcb70",
                "sha256:6202df8ee8457cb00810c6e76ced480f22a1e4e02c899a14e7b6e6e1de09f938",
                "sha256:84bf3aa3efb00dbe1c7ed55da0f20800b0662541e582d7e62b3e1464d61ed365",
                "sha256:898bda9cd37ec0c781b598891e86435de80c3bfa53eb483a9dac5a11ec93e942",
                "sha256:8ad761ef3be34c8bdc7285bec4b40372a8dad9e70cfbdc1793cd3cf4c1a4ce74",
                "sha256:8ceaf5fdb72c8e1fcb7be9f2b3b07482ce058a3548180c0bdd5c7e4ac5e14165",
                "sha256:a9401d96552befcc7311f5ef8f0fa7dba0ef5fd805466b158b141606cd0ab6a8",
                "sha256:af7238849fa79285d448a24db686517570099739527a03c9c2971cce99cc5ae2",
                "sha256:afa8122de8064fd577f49ae9eef433561c8ace97a0a7b969d56e8b1d39b5d177",
                "sha256:b53519b2ebec70cfe24b4ddda21e9843f0918d7c3627a785393fb35d402ab8ad",
                "sha256:c781402ed5396ab56358d7b866d78c03a77cbc26ba0598d8bb0ac32084b1a257",
                "sha256:d975a6314fbf5c524d4981e24294739216b5fb81ef3c14b86fb4b045d6690907",
                "sha256:df2ba379ee42427e8fcc6a0a76843bff6efb34ef5266b17f95043939b5e25b69",
                "sha256:e54b8650e849ee8e95e481024bff92cf98f5ec61c7650cb838d928a140adcb63",
                "sha256:e765e6dfbbb02c55e4d6d1145743401a84fc0b508f5a81b2c5a738cf86353139",
                "sha256:ef02d112c025e83db5d1188a847e358beab3e4bbfbbaf10eaf69e67359af51b2",
                "sha256:f6d4b5b7595a57e69eb7314c67bef4a3c745b4caf91accaf72913d8e0635111b"
            ],
            "markers": "python_version >= '3.5'",
            "version": "==3.19.3"
        },
        "pycrypto": {
            "hashes": [
                "sha256:f2ce1e989b272cfcb677616763e0a2e7ec659effa67a88aa92b3a65528f60a3c"
            ],
            "index": "pypi",
            "version": "==2.6.1"
        },
        "python-dotenv": {
            "hashes": [
                "sha256:32b2bdc1873fd3a3c346da1c6db83d0053c3c62f28f1f38516070c4c8971b1d3",
                "sha256:a5de49a31e953b45ff2d2fd434bbc2670e8db5273606c1e737cc6b93eff3655f"
            ],
            "index": "pypi",
            "version": "==0.19.2"
        },
        "requests": {
            "hashes": [
                "sha256:68d7c56fd5a8999887728ef304a6d12edc7be74f1cfa47714fc8b414525c9a61",
                "sha256:f22fa1e554c9ddfd16e6e41ac79759e17be9e492b3587efa038054674760e72d"
            ],
            "markers": "python_version >= '2.7' and python_version not in '3.0, 3.1, 3.2, 3.3, 3.4, 3.5'",
            "version": "==2.27.1"
        },
        "urllib3": {
            "hashes": [
                "sha256:000ca7f471a233c2251c6c7023ee85305721bfdf18621ebff4fd17a8653427ed",
                "sha256:0e7c33d9a63e7ddfcb86780aac87befc2fbddf46c58dbb487e0855f7ceec283c"
            ],
            "markers": "python_version >= '2.7' and python_version not in '3.0, 3.1, 3.2, 3.3, 3.4' and python_version < '4'",
            "version": "==1.26.8"
        },
        "yagmail": {
            "hashes": [
                "sha256:94ab44f44d591678e5432e70e34d67bfcfda6617a2c56d4580729beb3565bfe0",
                "sha256:fc6786be8941a86f86a70961fa4b7fa211e8ab87cf9409aa80e63a16f6700c30"
            ],
            "index": "pypi",
            "version": "==0.15.277"
        }
    },
    "develop": {}
}
