{
    "_meta": {
        "hash": {
            "sha256": "395ed3572e096e37c9106abe18cd306a23b0f8577d840fd35ff71e91605be9cc"
        },
        "pipfile-spec": 6,
        "requires": {
            "python_version": "3.8"
        },
        "sources": [
            {
                "name": "pypi",
                "url": "https://pypi.org/simple",
                "verify_ssl": true
            }
        ]
    },
    "default": {
        "mysql-connector-python": {
            "hashes": [
                "sha256:049374e54441903022f1c277a7467e4e7cf72a8d89ca26e86d4fa26b7157346c",
                "sha256:08e8bdb0b0cd247213764d115433972d0f5d103a00eb9cd0330294bdbb58cbca",
                "sha256:2af9bf324649d056e8f1e0f212a046c8794a6b5ac4d7fa2be600db443d0b57ba",
                "sha256:47e391ecae349e75ecffb513aec47ec3dbcfc8e2222ef9bd0b0494029eaa2a1b",
                "sha256:667c712c0464527faee977d5db48f308e6b2d64396de0b5ba3fd459eda0653d0",
                "sha256:6ec8ae4b51487f8b2d542b02e7026dddec92f29239daef2dbfcfbaa9fd5503f2",
                "sha256:75fc7a089f1626ffbd22986090ca7cc3359c77ab9c4bde4bab1e30e15d4cbfd9",
                "sha256:7a63dfded577f0a1800c863c4e9bcff7b583bcd369fc1eb4c2ec44b1f907e295",
                "sha256:7fa3c4b571e5bab629dbce6013b36ff42efdfe47da6ff14cee25acd1a77649bb",
                "sha256:8a3a8605c5380870a898b4a52c5b0d138e7cb998b192f10552373782d003886d",
                "sha256:94abfd76c6ad36f1bcf96f49d76dd55b9e09767eea972669baba9fc385fd9a46",
                "sha256:977ba6abdca01840afe27e461ec3a79550b50499782e5ff2933e513a52777870",
                "sha256:ad393ddc1974da2b4e952156c3b1a8316f1cb14555b1ea83db6c3619232f8d89",
                "sha256:b947650179a4778d7e13b354a3c7c3b5e13ec00d86727375a0cbba0b43ade82c",
                "sha256:cf0c8e41edcd8a02f9ccbe925160ef12486111fcb2641d4551e3b2578afbe2c4",
                "sha256:d15136f44fe36c135295719b2635686dbbe1b8043297b3420129368000cf2820",
                "sha256:de6f3daa99242fcf559d87466ea95f37b6b9cd7257be516440abe6e925548ef9"
            ],
            "index": "pypi",
            "version": "==8.0.27"
        },
        "passlib": {
            "hashes": [
                "sha256:aa6bca462b8d8bda89c70b382f0c298a20b5560af6cbfa2dce410c0a2fb669f1",
                "sha256:defd50f72b65c5402ab2c573830a6978e5f202ad0d984793c8dde2c4152ebe04"
            ],
            "index": "pypi",
            "version": "==1.7.4"
        },
        "protobuf": {
            "hashes": [
                "sha256:1291a0a7db7d792745c99d4657b4c5c4942695c8b1ac1bfb993a34035ec123f7",
                "sha256:18c40a1b8721026a85187640f1786d52407dc9c1ba8ec38accb57a46e84015f6",
                "sha256:1cb2ed66aac593adbf6dca4f07cd7ee7e2958b17bbc85b2cc8bc564ebeb258ec",
                "sha256:2acd7ca329be544d1a603d5f13a4e34a3791c90d651ebaf130ba2e43ae5397c6",
                "sha256:2cddcbcc222f3144765ccccdb35d3621dc1544da57a9aca7e1944c1a4fe3db11",
                "sha256:397d82f1c58b76445469c8c06b8dee1ff67b3053639d054f52599a458fac9bc6",
                "sha256:3bf3a07d17ba3511fe5fa916afb7351f482ab5dbab5afe71a7a384274a2cd550",
                "sha256:3f80a3491eaca767cdd86cb8660dc778f634b44abdb0dffc9b2a8e8d0cd617d0",
                "sha256:49677e5e9c7ea1245a90c2e8a00d304598f22ea3aa0628f0e0a530a9e70665fa",
                "sha256:544fe9705189b249380fae07952d220c97f5c6c9372a6f936cc83a79601dcb70",
                "sha256:6202df8ee8457cb00810c6e76ced480f22a1e4e02c899a14e7b6e6e1de09f938",
                "sha256:84bf3aa3efb00dbe1c7ed55da0f20800b0662541e582d7e62b3e1464d61ed365",
                "sha256:898bda9cd37ec0c781b598891e86435de80c3bfa53eb483a9dac5a11ec93e942",
                "sha256:8ad761ef3be34c8bdc7285bec4b40372a8dad9e70cfbdc1793cd3cf4c1a4ce74",
                "sha256:8ceaf5fdb72c8e1fcb7be9f2b3b07482ce058a3548180c0bdd5c7e4ac5e14165",
                "sha256:a9401d96552befcc7311f5ef8f0fa7dba0ef5fd805466b158b141606cd0ab6a8",
                "sha256:af7238849fa79285d448a24db686517570099739527a03c9c2971cce99cc5ae2",
                "sha256:afa8122de8064fd577f49ae9eef433561c8ace97a0a7b969d56e8b1d39b5d177",
                "sha256:b53519b2ebec70cfe24b4ddda21e9843f0918d7c3627a785393fb35d402ab8ad",
                "sha256:c781402ed5396ab56358d7b866d78c03a77cbc26ba0598d8bb0ac32084b1a257",
                "sha256:d975a6314fbf5c524d4981e24294739216b5fb81ef3c14b86fb4b045d6690907",
                "sha256:df2ba379ee42427e8fcc6a0a76843bff6efb34ef5266b17f95043939b5e25b69",
                "sha256:e54b8650e849ee8e95e481024bff92cf98f5ec61c7650cb838d928a140adcb63",
                "sha256:e765e6dfbbb02c55e4d6d1145743401a84fc0b508f5a81b2c5a738cf86353139",
                "sha256:ef02d112c025e83db5d1188a847e358beab3e4bbfbbaf10eaf69e67359af51b2",
                "sha256:f6d4b5b7595a57e69eb7314c67bef4a3c745b4caf91accaf72913d8e0635111b"
            ],
            "markers": "python_version >= '3.5'",
            "version": "==3.19.3"
        },
        "python-dotenv": {
            "hashes": [
                "sha256:32b2bdc1873fd3a3c346da1c6db83d0053c3c62f28f1f38516070c4c8971b1d3",
                "sha256:a5de49a31e953b45ff2d2fd434bbc2670e8db5273606c1e737cc6b93eff3655f"
            ],
            "index": "pypi",
            "version": "==0.19.2"
        }
    },
    "develop": {}
}
